
Microsoft Visual Studio Solution File, Format Version 12.00
# Visual Studio Version 17
VisualStudioVersion = 17.0.31903.59
MinimumVisualStudioVersion = 10.0.40219.1
Project("{2150E333-8FDC-42A3-9474-1A3956D46DE8}") = "src", "src", "{6ED356A7-8B47-4613-AD01-C85CF28491BD}"
EndProject
Project("{2150E333-8FDC-42A3-9474-1A3956D46DE8}") = "tests", "tests", "{664D406C-2F83-48F0-BFC3-408D5CB53C65}"
EndProject
Project("{2150E333-8FDC-42A3-9474-1A3956D46DE8}") = "Solution Items", "Solution Items", "{E2DA20AA-28D1-455C-BF50-C49A8F831633}"
	ProjectSection(SolutionItems) = preProject
		.editorconfig = .editorconfig
		.gitignore = .gitignore
		Directory.Build.props = Directory.Build.props
		Directory.Packages.props = Directory.Packages.props
		global.json = global.json
		README.md = README.md
		docker-compose.yml = docker-compose.yml
	EndProjectSection
EndProject
Project("{FAE04EC0-301F-11D3-BF4B-00C04F79EFBC}") = "AppHost", "src\AppHost\AppHost.csproj", "{36483B25-E165-46F3-AA1C-ADE75A46BD8E}"
EndProject
Project("{2150E333-8FDC-42A3-9474-1A3956D46DE8}") = "shared", "shared", "{6E44E324-E215-07CE-302E-17CD68215A71}"
EndProject
Project("{2150E333-8FDC-42A3-9474-1A3956D46DE8}") = "services", "services", "{57429BED-BDB6-BCC8-4D7B-9DFCC62EA553}"
EndProject
Project("{2150E333-8FDC-42A3-9474-1A3956D46DE8}") = "system", "system", "{CA02CB55-D0FE-E5E5-5F31-08DEBB980004}"
EndProject
Project("{2150E333-8FDC-42A3-9474-1A3956D46DE8}") = "gateway", "gateway", "{CE9447CF-7AC7-8B95-3FA7-9984F1EDD395}"
EndProject
Project("{FAE04EC0-301F-11D3-BF4B-00C04F79EFBC}") = "Shared.Application", "src\shared\Shared.Application\Shared.Application.csproj", "{F9C9CD57-58BF-431F-88BB-500950455024}"
EndProject
Project("{FAE04EC0-301F-11D3-BF4B-00C04F79EFBC}") = "Shared.Domain", "src\shared\Shared.Domain\Shared.Domain.csproj", "{088880A0-6641-4583-AB94-0A23700E74CB}"
EndProject
Project("{FAE04EC0-301F-11D3-BF4B-00C04F79EFBC}") = "Shared.Infrastructure", "src\shared\Shared.Infrastructure\Shared.Infrastructure.csproj", "{AF1E0459-7CC7-4E88-A544-C03F9D37CFA8}"
EndProject
Project("{FAE04EC0-301F-11D3-BF4B-00C04F79EFBC}") = "Application", "src\services\system\Application\Application.csproj", "{60BDB268-8E01-4F21-B2A5-10D82604BCBB}"
EndProject
Project("{FAE04EC0-301F-11D3-BF4B-00C04F79EFBC}") = "Domain", "src\services\system\Domain\Domain.csproj", "{40E2281E-1914-4A19-AE8C-66544E4860B6}"
EndProject
Project("{FAE04EC0-301F-11D3-BF4B-00C04F79EFBC}") = "Infrastructure", "src\services\system\Infrastructure\Infrastructure.csproj", "{82FD5BCB-1174-4FE0-9302-016D45B3F624}"
EndProject
Project("{FAE04EC0-301F-11D3-BF4B-00C04F79EFBC}") = "ServiceDefaults", "src\services\system\ServiceDefaults\ServiceDefaults.csproj", "{5762E220-5F14-4916-BA0C-9C9ADCF72E09}"
EndProject
Project("{2150E333-8FDC-42A3-9474-1A3956D46DE8}") = "identity", "identity", "{02EA681E-C7D8-13C7-8484-4AC65E1B71E8}"
EndProject
Project("{FAE04EC0-301F-11D3-BF4B-00C04F79EFBC}") = "PublicApi", "src\services\system\PublicApi\PublicApi.csproj", "{C758A1F0-7907-2A38-522B-91A458B52841}"
EndProject
Global
	GlobalSection(SolutionConfigurationPlatforms) = preSolution
		Debug|Any CPU = Debug|Any CPU
		Debug|x64 = Debug|x64
		Debug|x86 = Debug|x86
		Release|Any CPU = Release|Any CPU
		Release|x64 = Release|x64
		Release|x86 = Release|x86
	EndGlobalSection
	GlobalSection(ProjectConfigurationPlatforms) = postSolution
		{36483B25-E165-46F3-AA1C-ADE75A46BD8E}.Debug|Any CPU.ActiveCfg = Debug|Any CPU
		{36483B25-E165-46F3-AA1C-ADE75A46BD8E}.Debug|Any CPU.Build.0 = Debug|Any CPU
		{36483B25-E165-46F3-AA1C-ADE75A46BD8E}.Debug|x64.ActiveCfg = Debug|Any CPU
		{36483B25-E165-46F3-AA1C-ADE75A46BD8E}.Debug|x64.Build.0 = Debug|Any CPU
		{36483B25-E165-46F3-AA1C-ADE75A46BD8E}.Debug|x86.ActiveCfg = Debug|Any CPU
		{36483B25-E165-46F3-AA1C-ADE75A46BD8E}.Debug|x86.Build.0 = Debug|Any CPU
		{36483B25-E165-46F3-AA1C-ADE75A46BD8E}.Release|Any CPU.ActiveCfg = Release|Any CPU
		{36483B25-E165-46F3-AA1C-ADE75A46BD8E}.Release|Any CPU.Build.0 = Release|Any CPU
		{36483B25-E165-46F3-AA1C-ADE75A46BD8E}.Release|x64.ActiveCfg = Release|Any CPU
		{36483B25-E165-46F3-AA1C-ADE75A46BD8E}.Release|x64.Build.0 = Release|Any CPU
		{36483B25-E165-46F3-AA1C-ADE75A46BD8E}.Release|x86.ActiveCfg = Release|Any CPU
		{36483B25-E165-46F3-AA1C-ADE75A46BD8E}.Release|x86.Build.0 = Release|Any CPU
		{F9C9CD57-58BF-431F-88BB-500950455024}.Debug|Any CPU.ActiveCfg = Debug|Any CPU
		{F9C9CD57-58BF-431F-88BB-500950455024}.Debug|Any CPU.Build.0 = Debug|Any CPU
		{F9C9CD57-58BF-431F-88BB-500950455024}.Debug|x64.ActiveCfg = Debug|Any CPU
		{F9C9CD57-58BF-431F-88BB-500950455024}.Debug|x64.Build.0 = Debug|Any CPU
		{F9C9CD57-58BF-431F-88BB-500950455024}.Debug|x86.ActiveCfg = Debug|Any CPU
		{F9C9CD57-58BF-431F-88BB-500950455024}.Debug|x86.Build.0 = Debug|Any CPU
		{F9C9CD57-58BF-431F-88BB-500950455024}.Release|Any CPU.ActiveCfg = Release|Any CPU
		{F9C9CD57-58BF-431F-88BB-500950455024}.Release|Any CPU.Build.0 = Release|Any CPU
		{F9C9CD57-58BF-431F-88BB-500950455024}.Release|x64.ActiveCfg = Release|Any CPU
		{F9C9CD57-58BF-431F-88BB-500950455024}.Release|x64.Build.0 = Release|Any CPU
		{F9C9CD57-58BF-431F-88BB-500950455024}.Release|x86.ActiveCfg = Release|Any CPU
		{F9C9CD57-58BF-431F-88BB-500950455024}.Release|x86.Build.0 = Release|Any CPU
		{088880A0-6641-4583-AB94-0A23700E74CB}.Debug|Any CPU.ActiveCfg = Debug|Any CPU
		{088880A0-6641-4583-AB94-0A23700E74CB}.Debug|Any CPU.Build.0 = Debug|Any CPU
		{088880A0-6641-4583-AB94-0A23700E74CB}.Debug|x64.ActiveCfg = Debug|Any CPU
		{088880A0-6641-4583-AB94-0A23700E74CB}.Debug|x64.Build.0 = Debug|Any CPU
		{088880A0-6641-4583-AB94-0A23700E74CB}.Debug|x86.ActiveCfg = Debug|Any CPU
		{088880A0-6641-4583-AB94-0A23700E74CB}.Debug|x86.Build.0 = Debug|Any CPU
		{088880A0-6641-4583-AB94-0A23700E74CB}.Release|Any CPU.ActiveCfg = Release|Any CPU
		{088880A0-6641-4583-AB94-0A23700E74CB}.Release|Any CPU.Build.0 = Release|Any CPU
		{088880A0-6641-4583-AB94-0A23700E74CB}.Release|x64.ActiveCfg = Release|Any CPU
		{088880A0-6641-4583-AB94-0A23700E74CB}.Release|x64.Build.0 = Release|Any CPU
		{088880A0-6641-4583-AB94-0A23700E74CB}.Release|x86.ActiveCfg = Release|Any CPU
		{088880A0-6641-4583-AB94-0A23700E74CB}.Release|x86.Build.0 = Release|Any CPU
		{AF1E0459-7CC7-4E88-A544-C03F9D37CFA8}.Debug|Any CPU.ActiveCfg = Debug|Any CPU
		{AF1E0459-7CC7-4E88-A544-C03F9D37CFA8}.Debug|Any CPU.Build.0 = Debug|Any CPU
		{AF1E0459-7CC7-4E88-A544-C03F9D37CFA8}.Debug|x64.ActiveCfg = Debug|Any CPU
		{AF1E0459-7CC7-4E88-A544-C03F9D37CFA8}.Debug|x64.Build.0 = Debug|Any CPU
		{AF1E0459-7CC7-4E88-A544-C03F9D37CFA8}.Debug|x86.ActiveCfg = Debug|Any CPU
		{AF1E0459-7CC7-4E88-A544-C03F9D37CFA8}.Debug|x86.Build.0 = Debug|Any CPU
		{AF1E0459-7CC7-4E88-A544-C03F9D37CFA8}.Release|Any CPU.ActiveCfg = Release|Any CPU
		{AF1E0459-7CC7-4E88-A544-C03F9D37CFA8}.Release|Any CPU.Build.0 = Release|Any CPU
		{AF1E0459-7CC7-4E88-A544-C03F9D37CFA8}.Release|x64.ActiveCfg = Release|Any CPU
		{AF1E0459-7CC7-4E88-A544-C03F9D37CFA8}.Release|x64.Build.0 = Release|Any CPU
		{AF1E0459-7CC7-4E88-A544-C03F9D37CFA8}.Release|x86.ActiveCfg = Release|Any CPU
		{AF1E0459-7CC7-4E88-A544-C03F9D37CFA8}.Release|x86.Build.0 = Release|Any CPU
		{60BDB268-8E01-4F21-B2A5-10D82604BCBB}.Debug|Any CPU.ActiveCfg = Debug|Any CPU
		{60BDB268-8E01-4F21-B2A5-10D82604BCBB}.Debug|Any CPU.Build.0 = Debug|Any CPU
		{60BDB268-8E01-4F21-B2A5-10D82604BCBB}.Debug|x64.ActiveCfg = Debug|Any CPU
		{60BDB268-8E01-4F21-B2A5-10D82604BCBB}.Debug|x64.Build.0 = Debug|Any CPU
		{60BDB268-8E01-4F21-B2A5-10D82604BCBB}.Debug|x86.ActiveCfg = Debug|Any CPU
		{60BDB268-8E01-4F21-B2A5-10D82604BCBB}.Debug|x86.Build.0 = Debug|Any CPU
		{60BDB268-8E01-4F21-B2A5-10D82604BCBB}.Release|Any CPU.ActiveCfg = Release|Any CPU
		{60BDB268-8E01-4F21-B2A5-10D82604BCBB}.Release|Any CPU.Build.0 = Release|Any CPU
		{60BDB268-8E01-4F21-B2A5-10D82604BCBB}.Release|x64.ActiveCfg = Release|Any CPU
		{60BDB268-8E01-4F21-B2A5-10D82604BCBB}.Release|x64.Build.0 = Release|Any CPU
		{60BDB268-8E01-4F21-B2A5-10D82604BCBB}.Release|x86.ActiveCfg = Release|Any CPU
		{60BDB268-8E01-4F21-B2A5-10D82604BCBB}.Release|x86.Build.0 = Release|Any CPU
		{40E2281E-1914-4A19-AE8C-66544E4860B6}.Debug|Any CPU.ActiveCfg = Debug|Any CPU
		{40E2281E-1914-4A19-AE8C-66544E4860B6}.Debug|Any CPU.Build.0 = Debug|Any CPU
		{40E2281E-1914-4A19-AE8C-66544E4860B6}.Debug|x64.ActiveCfg = Debug|Any CPU
		{40E2281E-1914-4A19-AE8C-66544E4860B6}.Debug|x64.Build.0 = Debug|Any CPU
		{40E2281E-1914-4A19-AE8C-66544E4860B6}.Debug|x86.ActiveCfg = Debug|Any CPU
		{40E2281E-1914-4A19-AE8C-66544E4860B6}.Debug|x86.Build.0 = Debug|Any CPU
		{40E2281E-1914-4A19-AE8C-66544E4860B6}.Release|Any CPU.ActiveCfg = Release|Any CPU
		{40E2281E-1914-4A19-AE8C-66544E4860B6}.Release|Any CPU.Build.0 = Release|Any CPU
		{40E2281E-1914-4A19-AE8C-66544E4860B6}.Release|x64.ActiveCfg = Release|Any CPU
		{40E2281E-1914-4A19-AE8C-66544E4860B6}.Release|x64.Build.0 = Release|Any CPU
		{40E2281E-1914-4A19-AE8C-66544E4860B6}.Release|x86.ActiveCfg = Release|Any CPU
		{40E2281E-1914-4A19-AE8C-66544E4860B6}.Release|x86.Build.0 = Release|Any CPU
		{82FD5BCB-1174-4FE0-9302-016D45B3F624}.Debug|Any CPU.ActiveCfg = Debug|Any CPU
		{82FD5BCB-1174-4FE0-9302-016D45B3F624}.Debug|Any CPU.Build.0 = Debug|Any CPU
		{82FD5BCB-1174-4FE0-9302-016D45B3F624}.Debug|x64.ActiveCfg = Debug|Any CPU
		{82FD5BCB-1174-4FE0-9302-016D45B3F624}.Debug|x64.Build.0 = Debug|Any CPU
		{82FD5BCB-1174-4FE0-9302-016D45B3F624}.Debug|x86.ActiveCfg = Debug|Any CPU
		{82FD5BCB-1174-4FE0-9302-016D45B3F624}.Debug|x86.Build.0 = Debug|Any CPU
		{82FD5BCB-1174-4FE0-9302-016D45B3F624}.Release|Any CPU.ActiveCfg = Release|Any CPU
		{82FD5BCB-1174-4FE0-9302-016D45B3F624}.Release|Any CPU.Build.0 = Release|Any CPU
		{82FD5BCB-1174-4FE0-9302-016D45B3F624}.Release|x64.ActiveCfg = Release|Any CPU
		{82FD5BCB-1174-4FE0-9302-016D45B3F624}.Release|x64.Build.0 = Release|Any CPU
		{82FD5BCB-1174-4FE0-9302-016D45B3F624}.Release|x86.ActiveCfg = Release|Any CPU
		{82FD5BCB-1174-4FE0-9302-016D45B3F624}.Release|x86.Build.0 = Release|Any CPU
		{5762E220-5F14-4916-BA0C-9C9ADCF72E09}.Debug|Any CPU.ActiveCfg = Debug|Any CPU
		{5762E220-5F14-4916-BA0C-9C9ADCF72E09}.Debug|Any CPU.Build.0 = Debug|Any CPU
		{5762E220-5F14-4916-BA0C-9C9ADCF72E09}.Debug|x64.ActiveCfg = Debug|Any CPU
		{5762E220-5F14-4916-BA0C-9C9ADCF72E09}.Debug|x64.Build.0 = Debug|Any CPU
		{5762E220-5F14-4916-BA0C-9C9ADCF72E09}.Debug|x86.ActiveCfg = Debug|Any CPU
		{5762E220-5F14-4916-BA0C-9C9ADCF72E09}.Debug|x86.Build.0 = Debug|Any CPU
		{5762E220-5F14-4916-BA0C-9C9ADCF72E09}.Release|Any CPU.ActiveCfg = Release|Any CPU
		{5762E220-5F14-4916-BA0C-9C9ADCF72E09}.Release|Any CPU.Build.0 = Release|Any CPU
		{5762E220-5F14-4916-BA0C-9C9ADCF72E09}.Release|x64.ActiveCfg = Release|Any CPU
		{5762E220-5F14-4916-BA0C-9C9ADCF72E09}.Release|x64.Build.0 = Release|Any CPU
		{5762E220-5F14-4916-BA0C-9C9ADCF72E09}.Release|x86.ActiveCfg = Release|Any CPU
		{5762E220-5F14-4916-BA0C-9C9ADCF72E09}.Release|x86.Build.0 = Release|Any CPU
		{C758A1F0-7907-2A38-522B-91A458B52841}.Debug|Any CPU.ActiveCfg = Debug|Any CPU
		{C758A1F0-7907-2A38-522B-91A458B52841}.Debug|Any CPU.Build.0 = Debug|Any CPU
		{C758A1F0-7907-2A38-522B-91A458B52841}.Debug|x64.ActiveCfg = Debug|Any CPU
		{C758A1F0-7907-2A38-522B-91A458B52841}.Debug|x64.Build.0 = Debug|Any CPU
		{C758A1F0-7907-2A38-522B-91A458B52841}.Debug|x86.ActiveCfg = Debug|Any CPU
		{C758A1F0-7907-2A38-522B-91A458B52841}.Debug|x86.Build.0 = Debug|Any CPU
		{C758A1F0-7907-2A38-522B-91A458B52841}.Release|Any CPU.ActiveCfg = Release|Any CPU
		{C758A1F0-7907-2A38-522B-91A458B52841}.Release|Any CPU.Build.0 = Release|Any CPU
		{C758A1F0-7907-2A38-522B-91A458B52841}.Release|x64.ActiveCfg = Release|Any CPU
		{C758A1F0-7907-2A38-522B-91A458B52841}.Release|x64.Build.0 = Release|Any CPU
		{C758A1F0-7907-2A38-522B-91A458B52841}.Release|x86.ActiveCfg = Release|Any CPU
		{C758A1F0-7907-2A38-522B-91A458B52841}.Release|x86.Build.0 = Release|Any CPU
	EndGlobalSection
	GlobalSection(SolutionProperties) = preSolution
		HideSolutionNode = FALSE
	EndGlobalSection
	GlobalSection(NestedProjects) = preSolution
		{36483B25-E165-46F3-AA1C-ADE75A46BD8E} = {6ED356A7-8B47-4613-AD01-C85CF28491BD}
		{6E44E324-E215-07CE-302E-17CD68215A71} = {6ED356A7-8B47-4613-AD01-C85CF28491BD}
		{57429BED-BDB6-BCC8-4D7B-9DFCC62EA553} = {6ED356A7-8B47-4613-AD01-C85CF28491BD}
		{CA02CB55-D0FE-E5E5-5F31-08DEBB980004} = {57429BED-BDB6-BCC8-4D7B-9DFCC62EA553}
		{CE9447CF-7AC7-8B95-3FA7-9984F1EDD395} = {57429BED-BDB6-BCC8-4D7B-9DFCC62EA553}
		{F9C9CD57-58BF-431F-88BB-500950455024} = {6E44E324-E215-07CE-302E-17CD68215A71}
		{088880A0-6641-4583-AB94-0A23700E74CB} = {6E44E324-E215-07CE-302E-17CD68215A71}
		{AF1E0459-7CC7-4E88-A544-C03F9D37CFA8} = {6E44E324-E215-07CE-302E-17CD68215A71}
		{60BDB268-8E01-4F21-B2A5-10D82604BCBB} = {CA02CB55-D0FE-E5E5-5F31-08DEBB980004}
		{40E2281E-1914-4A19-AE8C-66544E4860B6} = {CA02CB55-D0FE-E5E5-5F31-08DEBB980004}
		{82FD5BCB-1174-4FE0-9302-016D45B3F624} = {CA02CB55-D0FE-E5E5-5F31-08DEBB980004}
		{5762E220-5F14-4916-BA0C-9C9ADCF72E09} = {CA02CB55-D0FE-E5E5-5F31-08DEBB980004}
		{02EA681E-C7D8-13C7-8484-4AC65E1B71E8} = {57429BED-BDB6-BCC8-4D7B-9DFCC62EA553}
		{C758A1F0-7907-2A38-522B-91A458B52841} = {CA02CB55-D0FE-E5E5-5F31-08DEBB980004}
	EndGlobalSection
	GlobalSection(ExtensibilityGlobals) = postSolution
		SolutionGuid = {3CB609D9-5D54-4C11-A371-DAAC8B74E430}
	EndGlobalSection
EndGlobal
